// !$*UTF8*$!
{
	archiveVersion = 1;
	classes = {
	};
	objectVersion = 55;
	objects = {

/* Begin PBXBuildFile section */
		5403CFF628B39217005978D3 /* UIHelpers.swift in Sources */ = {isa = PBXBuildFile; fileRef = 5403CFF528B39217005978D3 /* UIHelpers.swift */; };
		5412214228B18C3F002F122E /* AppError.swift in Sources */ = {isa = PBXBuildFile; fileRef = 5412214128B18C3F002F122E /* AppError.swift */; };
		5416F8D628AFDA480012C27B /* FollowersVC.swift in Sources */ = {isa = PBXBuildFile; fileRef = 5416F8D528AFDA480012C27B /* FollowersVC.swift */; };
		5416F8D828AFF7EA0012C27B /* String+Extension.swift in Sources */ = {isa = PBXBuildFile; fileRef = 5416F8D728AFF7EA0012C27B /* String+Extension.swift */; };
		5416F8DB28AFFB900012C27B /* GFTitleLabel.swift in Sources */ = {isa = PBXBuildFile; fileRef = 5416F8DA28AFFB900012C27B /* GFTitleLabel.swift */; };
		5416F8DD28AFFDD00012C27B /* GFBodyLabel.swift in Sources */ = {isa = PBXBuildFile; fileRef = 5416F8DC28AFFDD00012C27B /* GFBodyLabel.swift */; };
		5416F8E128AFFFD70012C27B /* GFAlertVCViewController.swift in Sources */ = {isa = PBXBuildFile; fileRef = 5416F8E028AFFFD70012C27B /* GFAlertVCViewController.swift */; };
		5416F8E328B02FBE0012C27B /* UIViewController+Extension.swift in Sources */ = {isa = PBXBuildFile; fileRef = 5416F8E228B02FBE0012C27B /* UIViewController+Extension.swift */; };
		5442FAC028B0E5BA00F17BA3 /* Follower.swift in Sources */ = {isa = PBXBuildFile; fileRef = 5442FABF28B0E5BA00F17BA3 /* Follower.swift */; };
		544D7B4B28B254BB00A4D479 /* FollowerCell.swift in Sources */ = {isa = PBXBuildFile; fileRef = 544D7B4A28B254BB00A4D479 /* FollowerCell.swift */; };
		544D7B4D28B25F2300A4D479 /* GFAvatarImageView.swift in Sources */ = {isa = PBXBuildFile; fileRef = 544D7B4C28B25F2300A4D479 /* GFAvatarImageView.swift */; };
		5450219828AE8382005848B4 /* AppDelegate.swift in Sources */ = {isa = PBXBuildFile; fileRef = 5450219728AE8382005848B4 /* AppDelegate.swift */; };
		5450219A28AE8382005848B4 /* SceneDelegate.swift in Sources */ = {isa = PBXBuildFile; fileRef = 5450219928AE8382005848B4 /* SceneDelegate.swift */; };
		545021A128AE8383005848B4 /* Assets.xcassets in Resources */ = {isa = PBXBuildFile; fileRef = 545021A028AE8383005848B4 /* Assets.xcassets */; };
		545021A428AE8383005848B4 /* LaunchScreen.storyboard in Resources */ = {isa = PBXBuildFile; fileRef = 545021A228AE8383005848B4 /* LaunchScreen.storyboard */; };
		546BFFEE28AEBBB800D5F9C5 /* GFButton.swift in Sources */ = {isa = PBXBuildFile; fileRef = 546BFFED28AEBBB800D5F9C5 /* GFButton.swift */; };
		54714BE328B586CC0043CAED /* GFEmptyStateView.swift in Sources */ = {isa = PBXBuildFile; fileRef = 54714BE228B586CC0043CAED /* GFEmptyStateView.swift */; };
		547E346928BBE1DC00985012 /* GFRepoItemVC.swift in Sources */ = {isa = PBXBuildFile; fileRef = 547E346828BBE1DC00985012 /* GFRepoItemVC.swift */; };
		547E346B28BBEF1A00985012 /* GFFollowerItemVC.swift in Sources */ = {isa = PBXBuildFile; fileRef = 547E346A28BBEF1A00985012 /* GFFollowerItemVC.swift */; };
		547E346E28BC204F00985012 /* Date+Extension.swift in Sources */ = {isa = PBXBuildFile; fileRef = 547E346D28BC204F00985012 /* Date+Extension.swift */; };
		549FCA8528B0EF76007E70CA /* User.swift in Sources */ = {isa = PBXBuildFile; fileRef = 549FCA8428B0EF76007E70CA /* User.swift */; };
		54C19E1528BA2D410040114C /* UserInfoVC.swift in Sources */ = {isa = PBXBuildFile; fileRef = 54C19E1428BA2D410040114C /* UserInfoVC.swift */; };
		54C19E1728BA96340040114C /* GFUserInfoHeaderVC.swift in Sources */ = {isa = PBXBuildFile; fileRef = 54C19E1628BA96340040114C /* GFUserInfoHeaderVC.swift */; };
		54C19E1928BA96C40040114C /* GFSeconaryTitleLabel.swift in Sources */ = {isa = PBXBuildFile; fileRef = 54C19E1828BA96C40040114C /* GFSeconaryTitleLabel.swift */; };
		54CB216C28B10E3100A8A2A0 /* NetworkManager.swift in Sources */ = {isa = PBXBuildFile; fileRef = 54CB216B28B10E3100A8A2A0 /* NetworkManager.swift */; };
		54E33C9728B4BD7700FED88C /* UIImage+Extension.swift in Sources */ = {isa = PBXBuildFile; fileRef = 54E33C9628B4BD7700FED88C /* UIImage+Extension.swift */; };
		54EC4B6C28BBA6A70002E877 /* GFItemInfoView.swift in Sources */ = {isa = PBXBuildFile; fileRef = 54EC4B6B28BBA6A70002E877 /* GFItemInfoView.swift */; };
		54EC4B6E28BBB6280002E877 /* GFItemInfoVC.swift in Sources */ = {isa = PBXBuildFile; fileRef = 54EC4B6D28BBB6280002E877 /* GFItemInfoVC.swift */; };
		54F97F5328AE9DDF00460CAE /* SearchVC.swift in Sources */ = {isa = PBXBuildFile; fileRef = 54F97F5228AE9DDF00460CAE /* SearchVC.swift */; };
		54F97F5528AE9E1500460CAE /* FavoritesListVC.swift in Sources */ = {isa = PBXBuildFile; fileRef = 54F97F5428AE9E1500460CAE /* FavoritesListVC.swift */; };
		54FA3E6628AF5BD8002E0B17 /* GFTextField.swift in Sources */ = {isa = PBXBuildFile; fileRef = 54FA3E6528AF5BD8002E0B17 /* GFTextField.swift */; };
/* End PBXBuildFile section */

/* Begin PBXFileReference section */
		5403CFF528B39217005978D3 /* UIHelpers.swift */ = {isa = PBXFileReference; lastKnownFileType = sourcecode.swift; path = UIHelpers.swift; sourceTree = "<group>"; };
		5412214128B18C3F002F122E /* AppError.swift */ = {isa = PBXFileReference; lastKnownFileType = sourcecode.swift; path = AppError.swift; sourceTree = "<group>"; };
		5416F8D528AFDA480012C27B /* FollowersVC.swift */ = {isa = PBXFileReference; lastKnownFileType = sourcecode.swift; path = FollowersVC.swift; sourceTree = "<group>"; };
		5416F8D728AFF7EA0012C27B /* String+Extension.swift */ = {isa = PBXFileReference; lastKnownFileType = sourcecode.swift; path = "String+Extension.swift"; sourceTree = "<group>"; };
		5416F8DA28AFFB900012C27B /* GFTitleLabel.swift */ = {isa = PBXFileReference; lastKnownFileType = sourcecode.swift; path = GFTitleLabel.swift; sourceTree = "<group>"; };
		5416F8DC28AFFDD00012C27B /* GFBodyLabel.swift */ = {isa = PBXFileReference; lastKnownFileType = sourcecode.swift; path = GFBodyLabel.swift; sourceTree = "<group>"; };
		5416F8E028AFFFD70012C27B /* GFAlertVCViewController.swift */ = {isa = PBXFileReference; lastKnownFileType = sourcecode.swift; path = GFAlertVCViewController.swift; sourceTree = "<group>"; };
		5416F8E228B02FBE0012C27B /* UIViewController+Extension.swift */ = {isa = PBXFileReference; lastKnownFileType = sourcecode.swift; path = "UIViewController+Extension.swift"; sourceTree = "<group>"; };
		5442FABF28B0E5BA00F17BA3 /* Follower.swift */ = {isa = PBXFileReference; lastKnownFileType = sourcecode.swift; path = Follower.swift; sourceTree = "<group>"; };
		544D7B4A28B254BB00A4D479 /* FollowerCell.swift */ = {isa = PBXFileReference; lastKnownFileType = sourcecode.swift; path = FollowerCell.swift; sourceTree = "<group>"; };
		544D7B4C28B25F2300A4D479 /* GFAvatarImageView.swift */ = {isa = PBXFileReference; lastKnownFileType = sourcecode.swift; path = GFAvatarImageView.swift; sourceTree = "<group>"; };
		5450219428AE8382005848B4 /* GithubFollowers.app */ = {isa = PBXFileReference; explicitFileType = wrapper.application; includeInIndex = 0; path = GithubFollowers.app; sourceTree = BUILT_PRODUCTS_DIR; };
		5450219728AE8382005848B4 /* AppDelegate.swift */ = {isa = PBXFileReference; lastKnownFileType = sourcecode.swift; path = AppDelegate.swift; sourceTree = "<group>"; };
		5450219928AE8382005848B4 /* SceneDelegate.swift */ = {isa = PBXFileReference; lastKnownFileType = sourcecode.swift; path = SceneDelegate.swift; sourceTree = "<group>"; };
		545021A028AE8383005848B4 /* Assets.xcassets */ = {isa = PBXFileReference; lastKnownFileType = folder.assetcatalog; path = Assets.xcassets; sourceTree = "<group>"; };
		545021A328AE8383005848B4 /* Base */ = {isa = PBXFileReference; lastKnownFileType = file.storyboard; name = Base; path = Base.lproj/LaunchScreen.storyboard; sourceTree = "<group>"; };
		545021A528AE8383005848B4 /* Info.plist */ = {isa = PBXFileReference; lastKnownFileType = text.plist.xml; path = Info.plist; sourceTree = "<group>"; };
		546BFFED28AEBBB800D5F9C5 /* GFButton.swift */ = {isa = PBXFileReference; lastKnownFileType = sourcecode.swift; path = GFButton.swift; sourceTree = "<group>"; };
		54714BE228B586CC0043CAED /* GFEmptyStateView.swift */ = {isa = PBXFileReference; lastKnownFileType = sourcecode.swift; path = GFEmptyStateView.swift; sourceTree = "<group>"; };
		547E346828BBE1DC00985012 /* GFRepoItemVC.swift */ = {isa = PBXFileReference; lastKnownFileType = sourcecode.swift; path = GFRepoItemVC.swift; sourceTree = "<group>"; };
		547E346A28BBEF1A00985012 /* GFFollowerItemVC.swift */ = {isa = PBXFileReference; lastKnownFileType = sourcecode.swift; path = GFFollowerItemVC.swift; sourceTree = "<group>"; };
		547E346D28BC204F00985012 /* Date+Extension.swift */ = {isa = PBXFileReference; lastKnownFileType = sourcecode.swift; path = "Date+Extension.swift"; sourceTree = "<group>"; };
		549FCA8428B0EF76007E70CA /* User.swift */ = {isa = PBXFileReference; lastKnownFileType = sourcecode.swift; path = User.swift; sourceTree = "<group>"; };
		54C19E1428BA2D410040114C /* UserInfoVC.swift */ = {isa = PBXFileReference; lastKnownFileType = sourcecode.swift; path = UserInfoVC.swift; sourceTree = "<group>"; };
		54C19E1628BA96340040114C /* GFUserInfoHeaderVC.swift */ = {isa = PBXFileReference; lastKnownFileType = sourcecode.swift; path = GFUserInfoHeaderVC.swift; sourceTree = "<group>"; };
		54C19E1828BA96C40040114C /* GFSeconaryTitleLabel.swift */ = {isa = PBXFileReference; lastKnownFileType = sourcecode.swift; path = GFSeconaryTitleLabel.swift; sourceTree = "<group>"; };
		54CB216B28B10E3100A8A2A0 /* NetworkManager.swift */ = {isa = PBXFileReference; lastKnownFileType = sourcecode.swift; path = NetworkManager.swift; sourceTree = "<group>"; };
		54E33C9628B4BD7700FED88C /* UIImage+Extension.swift */ = {isa = PBXFileReference; lastKnownFileType = sourcecode.swift; path = "UIImage+Extension.swift"; sourceTree = "<group>"; };
		54EC4B6B28BBA6A70002E877 /* GFItemInfoView.swift */ = {isa = PBXFileReference; lastKnownFileType = sourcecode.swift; path = GFItemInfoView.swift; sourceTree = "<group>"; };
		54EC4B6D28BBB6280002E877 /* GFItemInfoVC.swift */ = {isa = PBXFileReference; lastKnownFileType = sourcecode.swift; path = GFItemInfoVC.swift; sourceTree = "<group>"; };
		54F97F5228AE9DDF00460CAE /* SearchVC.swift */ = {isa = PBXFileReference; lastKnownFileType = sourcecode.swift; path = SearchVC.swift; sourceTree = "<group>"; };
		54F97F5428AE9E1500460CAE /* FavoritesListVC.swift */ = {isa = PBXFileReference; lastKnownFileType = sourcecode.swift; path = FavoritesListVC.swift; sourceTree = "<group>"; };
		54FA3E6528AF5BD8002E0B17 /* GFTextField.swift */ = {isa = PBXFileReference; lastKnownFileType = sourcecode.swift; path = GFTextField.swift; sourceTree = "<group>"; };
/* End PBXFileReference section */

/* Begin PBXFrameworksBuildPhase section */
		5450219128AE8382005848B4 /* Frameworks */ = {
			isa = PBXFrameworksBuildPhase;
			buildActionMask = 2147483647;
			files = (
			);
			runOnlyForDeploymentPostprocessing = 0;
		};
/* End PBXFrameworksBuildPhase section */

/* Begin PBXGroup section */
		5416F8D928AFFB5D0012C27B /* Extensions */ = {
			isa = PBXGroup;
			children = (
				5416F8E228B02FBE0012C27B /* UIViewController+Extension.swift */,
				5416F8D728AFF7EA0012C27B /* String+Extension.swift */,
				54E33C9628B4BD7700FED88C /* UIImage+Extension.swift */,
				547E346D28BC204F00985012 /* Date+Extension.swift */,
			);
			path = Extensions;
			sourceTree = "<group>";
		};
		542AA2C428B19A2100E98F3C /* Utilities */ = {
			isa = PBXGroup;
			children = (
				5412214128B18C3F002F122E /* AppError.swift */,
				5403CFF528B39217005978D3 /* UIHelpers.swift */,
			);
			path = Utilities;
			sourceTree = "<group>";
		};
		5442FABA28B0DC0100F17BA3 /* Screens */ = {
			isa = PBXGroup;
			children = (
				54F97F5228AE9DDF00460CAE /* SearchVC.swift */,
				54F97F5428AE9E1500460CAE /* FavoritesListVC.swift */,
				5416F8D528AFDA480012C27B /* FollowersVC.swift */,
				54C19E1428BA2D410040114C /* UserInfoVC.swift */,
			);
			path = Screens;
			sourceTree = "<group>";
		};
		5442FABB28B0DC8100F17BA3 /* Custom Views */ = {
			isa = PBXGroup;
			children = (
				54714BE128B5866C0043CAED /* Labels */,
				54714BE028B5862F0043CAED /* ViewControllers */,
				54714BDF28B586270043CAED /* ImageViews */,
				54714BDE28B586140043CAED /* TextFields */,
				54714BDD28B5860B0043CAED /* Buttons */,
				54714BDC28B585FB0043CAED /* Views */,
				544D7B4928B2549400A4D479 /* Cells */,
			);
			path = "Custom Views";
			sourceTree = "<group>";
		};
		5442FABC28B0DD0500F17BA3 /* Products */ = {
			isa = PBXGroup;
			children = (
			);
			path = Products;
			sourceTree = "<group>";
		};
		5442FABD28B0DD4200F17BA3 /* Support */ = {
			isa = PBXGroup;
			children = (
				5450219728AE8382005848B4 /* AppDelegate.swift */,
				5450219928AE8382005848B4 /* SceneDelegate.swift */,
				545021A028AE8383005848B4 /* Assets.xcassets */,
				545021A228AE8383005848B4 /* LaunchScreen.storyboard */,
			);
			path = Support;
			sourceTree = "<group>";
		};
		5442FABE28B0E5AA00F17BA3 /* Model */ = {
			isa = PBXGroup;
			children = (
				5442FABF28B0E5BA00F17BA3 /* Follower.swift */,
				549FCA8428B0EF76007E70CA /* User.swift */,
			);
			path = Model;
			sourceTree = "<group>";
		};
		544D7B4928B2549400A4D479 /* Cells */ = {
			isa = PBXGroup;
			children = (
				544D7B4A28B254BB00A4D479 /* FollowerCell.swift */,
			);
			path = Cells;
			sourceTree = "<group>";
		};
		5450218B28AE8382005848B4 = {
			isa = PBXGroup;
			children = (
				5450219628AE8382005848B4 /* GithubFollowers */,
				5442FABC28B0DD0500F17BA3 /* Products */,
				5450219528AE8382005848B4 /* Products */,
			);
			sourceTree = "<group>";
		};
		5450219528AE8382005848B4 /* Products */ = {
			isa = PBXGroup;
			children = (
				5450219428AE8382005848B4 /* GithubFollowers.app */,
			);
			name = Products;
			sourceTree = "<group>";
		};
		5450219628AE8382005848B4 /* GithubFollowers */ = {
			isa = PBXGroup;
			children = (
				545021A528AE8383005848B4 /* Info.plist */,
				542AA2C428B19A2100E98F3C /* Utilities */,
				54CB216A28B10E1300A8A2A0 /* Managers */,
				5442FABE28B0E5AA00F17BA3 /* Model */,
				5442FABD28B0DD4200F17BA3 /* Support */,
				5442FABB28B0DC8100F17BA3 /* Custom Views */,
				5442FABA28B0DC0100F17BA3 /* Screens */,
				5416F8D928AFFB5D0012C27B /* Extensions */,
			);
			path = GithubFollowers;
			sourceTree = "<group>";
		};
		54714BDC28B585FB0043CAED /* Views */ = {
			isa = PBXGroup;
			children = (
				54714BE228B586CC0043CAED /* GFEmptyStateView.swift */,
				54EC4B6B28BBA6A70002E877 /* GFItemInfoView.swift */,
			);
			path = Views;
			sourceTree = "<group>";
		};
		54714BDD28B5860B0043CAED /* Buttons */ = {
			isa = PBXGroup;
			children = (
				546BFFED28AEBBB800D5F9C5 /* GFButton.swift */,
			);
			path = Buttons;
			sourceTree = "<group>";
		};
		54714BDE28B586140043CAED /* TextFields */ = {
			isa = PBXGroup;
			children = (
				54FA3E6528AF5BD8002E0B17 /* GFTextField.swift */,
			);
			path = TextFields;
			sourceTree = "<group>";
		};
		54714BDF28B586270043CAED /* ImageViews */ = {
			isa = PBXGroup;
			children = (
				544D7B4C28B25F2300A4D479 /* GFAvatarImageView.swift */,
			);
			path = ImageViews;
			sourceTree = "<group>";
		};
		54714BE028B5862F0043CAED /* ViewControllers */ = {
			isa = PBXGroup;
			children = (
				547E346C28BBF04400985012 /* ItemInfoVC */,
				5416F8E028AFFFD70012C27B /* GFAlertVCViewController.swift */,
				54C19E1628BA96340040114C /* GFUserInfoHeaderVC.swift */,
			);
			path = ViewControllers;
			sourceTree = "<group>";
		};
		54714BE128B5866C0043CAED /* Labels */ = {
			isa = PBXGroup;
			children = (
				5416F8DC28AFFDD00012C27B /* GFBodyLabel.swift */,
				5416F8DA28AFFB900012C27B /* GFTitleLabel.swift */,
				54C19E1828BA96C40040114C /* GFSeconaryTitleLabel.swift */,
			);
			path = Labels;
			sourceTree = "<group>";
		};
		547E346C28BBF04400985012 /* ItemInfoVC */ = {
			isa = PBXGroup;
			children = (
				547E346828BBE1DC00985012 /* GFRepoItemVC.swift */,
				547E346A28BBEF1A00985012 /* GFFollowerItemVC.swift */,
				54EC4B6D28BBB6280002E877 /* GFItemInfoVC.swift */,
			);
			path = ItemInfoVC;
			sourceTree = "<group>";
		};
		54CB216A28B10E1300A8A2A0 /* Managers */ = {
			isa = PBXGroup;
			children = (
				54CB216B28B10E3100A8A2A0 /* NetworkManager.swift */,
			);
			path = Managers;
			sourceTree = "<group>";
		};
/* End PBXGroup section */

/* Begin PBXNativeTarget section */
		5450219328AE8382005848B4 /* GithubFollowers */ = {
			isa = PBXNativeTarget;
			buildConfigurationList = 545021A828AE8383005848B4 /* Build configuration list for PBXNativeTarget "GithubFollowers" */;
			buildPhases = (
				5450219028AE8382005848B4 /* Sources */,
				5450219128AE8382005848B4 /* Frameworks */,
				5450219228AE8382005848B4 /* Resources */,
			);
			buildRules = (
			);
			dependencies = (
			);
			name = GithubFollowers;
			productName = GithubFollowers;
			productReference = 5450219428AE8382005848B4 /* GithubFollowers.app */;
			productType = "com.apple.product-type.application";
		};
/* End PBXNativeTarget section */

/* Begin PBXProject section */
		5450218C28AE8382005848B4 /* Project object */ = {
			isa = PBXProject;
			attributes = {
				BuildIndependentTargetsInParallel = 1;
				LastSwiftUpdateCheck = 1330;
				LastUpgradeCheck = 1330;
				TargetAttributes = {
					5450219328AE8382005848B4 = {
						CreatedOnToolsVersion = 13.3.1;
					};
				};
			};
			buildConfigurationList = 5450218F28AE8382005848B4 /* Build configuration list for PBXProject "GithubFollowers" */;
			compatibilityVersion = "Xcode 13.0";
			developmentRegion = en;
			hasScannedForEncodings = 0;
			knownRegions = (
				en,
				Base,
			);
			mainGroup = 5450218B28AE8382005848B4;
			productRefGroup = 5450219528AE8382005848B4 /* Products */;
			projectDirPath = "";
			projectRoot = "";
			targets = (
				5450219328AE8382005848B4 /* GithubFollowers */,
			);
		};
/* End PBXProject section */

/* Begin PBXResourcesBuildPhase section */
		5450219228AE8382005848B4 /* Resources */ = {
			isa = PBXResourcesBuildPhase;
			buildActionMask = 2147483647;
			files = (
				545021A428AE8383005848B4 /* LaunchScreen.storyboard in Resources */,
				545021A128AE8383005848B4 /* Assets.xcassets in Resources */,
			);
			runOnlyForDeploymentPostprocessing = 0;
		};
/* End PBXResourcesBuildPhase section */

/* Begin PBXSourcesBuildPhase section */
		5450219028AE8382005848B4 /* Sources */ = {
			isa = PBXSourcesBuildPhase;
			buildActionMask = 2147483647;
			files = (
				54C19E1928BA96C40040114C /* GFSeconaryTitleLabel.swift in Sources */,
				5416F8E328B02FBE0012C27B /* UIViewController+Extension.swift in Sources */,
				5416F8D828AFF7EA0012C27B /* String+Extension.swift in Sources */,
				54FA3E6628AF5BD8002E0B17 /* GFTextField.swift in Sources */,
				54F97F5528AE9E1500460CAE /* FavoritesListVC.swift in Sources */,
				5412214228B18C3F002F122E /* AppError.swift in Sources */,
				5416F8D628AFDA480012C27B /* FollowersVC.swift in Sources */,
				5403CFF628B39217005978D3 /* UIHelpers.swift in Sources */,
				546BFFEE28AEBBB800D5F9C5 /* GFButton.swift in Sources */,
				544D7B4B28B254BB00A4D479 /* FollowerCell.swift in Sources */,
				544D7B4D28B25F2300A4D479 /* GFAvatarImageView.swift in Sources */,
				549FCA8528B0EF76007E70CA /* User.swift in Sources */,
				547E346928BBE1DC00985012 /* GFRepoItemVC.swift in Sources */,
				5416F8E128AFFFD70012C27B /* GFAlertVCViewController.swift in Sources */,
				5442FAC028B0E5BA00F17BA3 /* Follower.swift in Sources */,
				54F97F5328AE9DDF00460CAE /* SearchVC.swift in Sources */,
				547E346E28BC204F00985012 /* Date+Extension.swift in Sources */,
				5416F8DB28AFFB900012C27B /* GFTitleLabel.swift in Sources */,
				54C19E1728BA96340040114C /* GFUserInfoHeaderVC.swift in Sources */,
				54714BE328B586CC0043CAED /* GFEmptyStateView.swift in Sources */,
				54EC4B6E28BBB6280002E877 /* GFItemInfoVC.swift in Sources */,
				547E346B28BBEF1A00985012 /* GFFollowerItemVC.swift in Sources */,
				5450219828AE8382005848B4 /* AppDelegate.swift in Sources */,
				54CB216C28B10E3100A8A2A0 /* NetworkManager.swift in Sources */,
				54E33C9728B4BD7700FED88C /* UIImage+Extension.swift in Sources */,
				5450219A28AE8382005848B4 /* SceneDelegate.swift in Sources */,
				54EC4B6C28BBA6A70002E877 /* GFItemInfoView.swift in Sources */,
				5416F8DD28AFFDD00012C27B /* GFBodyLabel.swift in Sources */,
				54C19E1528BA2D410040114C /* UserInfoVC.swift in Sources */,
			);
			runOnlyForDeploymentPostprocessing = 0;
		};
/* End PBXSourcesBuildPhase section */

/* Begin PBXVariantGroup section */
		545021A228AE8383005848B4 /* LaunchScreen.storyboard */ = {
			isa = PBXVariantGroup;
			children = (
				545021A328AE8383005848B4 /* Base */,
			);
			name = LaunchScreen.storyboard;
			sourceTree = "<group>";
		};
/* End PBXVariantGroup section */

/* Begin XCBuildConfiguration section */
		545021A628AE8383005848B4 /* Debug */ = {
			isa = XCBuildConfiguration;
			buildSettings = {
				ALWAYS_SEARCH_USER_PATHS = NO;
				CLANG_ANALYZER_NONNULL = YES;
				CLANG_ANALYZER_NUMBER_OBJECT_CONVERSION = YES_AGGRESSIVE;
				CLANG_CXX_LANGUAGE_STANDARD = "gnu++17";
				CLANG_ENABLE_MODULES = YES;
				CLANG_ENABLE_OBJC_ARC = YES;
				CLANG_ENABLE_OBJC_WEAK = YES;
				CLANG_WARN_BLOCK_CAPTURE_AUTORELEASING = YES;
				CLANG_WARN_BOOL_CONVERSION = YES;
				CLANG_WARN_COMMA = YES;
				CLANG_WARN_CONSTANT_CONVERSION = YES;
				CLANG_WARN_DEPRECATED_OBJC_IMPLEMENTATIONS = YES;
				CLANG_WARN_DIRECT_OBJC_ISA_USAGE = YES_ERROR;
				CLANG_WARN_DOCUMENTATION_COMMENTS = YES;
				CLANG_WARN_EMPTY_BODY = YES;
				CLANG_WARN_ENUM_CONVERSION = YES;
				CLANG_WARN_INFINITE_RECURSION = YES;
				CLANG_WARN_INT_CONVERSION = YES;
				CLANG_WARN_NON_LITERAL_NULL_CONVERSION = YES;
				CLANG_WARN_OBJC_IMPLICIT_RETAIN_SELF = YES;
				CLANG_WARN_OBJC_LITERAL_CONVERSION = YES;
				CLANG_WARN_OBJC_ROOT_CLASS = YES_ERROR;
				CLANG_WARN_QUOTED_INCLUDE_IN_FRAMEWORK_HEADER = YES;
				CLANG_WARN_RANGE_LOOP_ANALYSIS = YES;
				CLANG_WARN_STRICT_PROTOTYPES = YES;
				CLANG_WARN_SUSPICIOUS_MOVE = YES;
				CLANG_WARN_UNGUARDED_AVAILABILITY = YES_AGGRESSIVE;
				CLANG_WARN_UNREACHABLE_CODE = YES;
				CLANG_WARN__DUPLICATE_METHOD_MATCH = YES;
				COPY_PHASE_STRIP = NO;
				DEBUG_INFORMATION_FORMAT = dwarf;
				ENABLE_STRICT_OBJC_MSGSEND = YES;
				ENABLE_TESTABILITY = YES;
				GCC_C_LANGUAGE_STANDARD = gnu11;
				GCC_DYNAMIC_NO_PIC = NO;
				GCC_NO_COMMON_BLOCKS = YES;
				GCC_OPTIMIZATION_LEVEL = 0;
				GCC_PREPROCESSOR_DEFINITIONS = (
					"DEBUG=1",
					"$(inherited)",
				);
				GCC_WARN_64_TO_32_BIT_CONVERSION = YES;
				GCC_WARN_ABOUT_RETURN_TYPE = YES_ERROR;
				GCC_WARN_UNDECLARED_SELECTOR = YES;
				GCC_WARN_UNINITIALIZED_AUTOS = YES_AGGRESSIVE;
				GCC_WARN_UNUSED_FUNCTION = YES;
				GCC_WARN_UNUSED_VARIABLE = YES;
				IPHONEOS_DEPLOYMENT_TARGET = 15.4;
				MTL_ENABLE_DEBUG_INFO = INCLUDE_SOURCE;
				MTL_FAST_MATH = YES;
				ONLY_ACTIVE_ARCH = YES;
				SDKROOT = iphoneos;
				SWIFT_ACTIVE_COMPILATION_CONDITIONS = DEBUG;
				SWIFT_OPTIMIZATION_LEVEL = "-Onone";
			};
			name = Debug;
		};
		545021A728AE8383005848B4 /* Release */ = {
			isa = XCBuildConfiguration;
			buildSettings = {
				ALWAYS_SEARCH_USER_PATHS = NO;
				CLANG_ANALYZER_NONNULL = YES;
				CLANG_ANALYZER_NUMBER_OBJECT_CONVERSION = YES_AGGRESSIVE;
				CLANG_CXX_LANGUAGE_STANDARD = "gnu++17";
				CLANG_ENABLE_MODULES = YES;
				CLANG_ENABLE_OBJC_ARC = YES;
				CLANG_ENABLE_OBJC_WEAK = YES;
				CLANG_WARN_BLOCK_CAPTURE_AUTORELEASING = YES;
				CLANG_WARN_BOOL_CONVERSION = YES;
				CLANG_WARN_COMMA = YES;
				CLANG_WARN_CONSTANT_CONVERSION = YES;
				CLANG_WARN_DEPRECATED_OBJC_IMPLEMENTATIONS = YES;
				CLANG_WARN_DIRECT_OBJC_ISA_USAGE = YES_ERROR;
				CLANG_WARN_DOCUMENTATION_COMMENTS = YES;
				CLANG_WARN_EMPTY_BODY = YES;
				CLANG_WARN_ENUM_CONVERSION = YES;
				CLANG_WARN_INFINITE_RECURSION = YES;
				CLANG_WARN_INT_CONVERSION = YES;
				CLANG_WARN_NON_LITERAL_NULL_CONVERSION = YES;
				CLANG_WARN_OBJC_IMPLICIT_RETAIN_SELF = YES;
				CLANG_WARN_OBJC_LITERAL_CONVERSION = YES;
				CLANG_WARN_OBJC_ROOT_CLASS = YES_ERROR;
				CLANG_WARN_QUOTED_INCLUDE_IN_FRAMEWORK_HEADER = YES;
				CLANG_WARN_RANGE_LOOP_ANALYSIS = YES;
				CLANG_WARN_STRICT_PROTOTYPES = YES;
				CLANG_WARN_SUSPICIOUS_MOVE = YES;
				CLANG_WARN_UNGUARDED_AVAILABILITY = YES_AGGRESSIVE;
				CLANG_WARN_UNREACHABLE_CODE = YES;
				CLANG_WARN__DUPLICATE_METHOD_MATCH = YES;
				COPY_PHASE_STRIP = NO;
				DEBUG_INFORMATION_FORMAT = "dwarf-with-dsym";
				ENABLE_NS_ASSERTIONS = NO;
				ENABLE_STRICT_OBJC_MSGSEND = YES;
				GCC_C_LANGUAGE_STANDARD = gnu11;
				GCC_NO_COMMON_BLOCKS = YES;
				GCC_WARN_64_TO_32_BIT_CONVERSION = YES;
				GCC_WARN_ABOUT_RETURN_TYPE = YES_ERROR;
				GCC_WARN_UNDECLARED_SELECTOR = YES;
				GCC_WARN_UNINITIALIZED_AUTOS = YES_AGGRESSIVE;
				GCC_WARN_UNUSED_FUNCTION = YES;
				GCC_WARN_UNUSED_VARIABLE = YES;
				IPHONEOS_DEPLOYMENT_TARGET = 15.4;
				MTL_ENABLE_DEBUG_INFO = NO;
				MTL_FAST_MATH = YES;
				SDKROOT = iphoneos;
				SWIFT_COMPILATION_MODE = wholemodule;
				SWIFT_OPTIMIZATION_LEVEL = "-O";
				VALIDATE_PRODUCT = YES;
			};
			name = Release;
		};
		545021A928AE8383005848B4 /* Debug */ = {
			isa = XCBuildConfiguration;
			buildSettings = {
				ASSETCATALOG_COMPILER_APPICON_NAME = AppIcon;
				ASSETCATALOG_COMPILER_GLOBAL_ACCENT_COLOR_NAME = AccentColor;
				CODE_SIGN_STYLE = Automatic;
				CURRENT_PROJECT_VERSION = 1;
				DEVELOPMENT_TEAM = WJT22M2F7F;
				GENERATE_INFOPLIST_FILE = YES;
				INFOPLIST_FILE = GithubFollowers/Info.plist;
				INFOPLIST_KEY_UIApplicationSupportsIndirectInputEvents = YES;
				INFOPLIST_KEY_UILaunchStoryboardName = LaunchScreen;
				INFOPLIST_KEY_UISupportedInterfaceOrientations = UIInterfaceOrientationPortrait;
				INFOPLIST_KEY_UISupportedInterfaceOrientations_iPad = "UIInterfaceOrientationPortrait UIInterfaceOrientationPortraitUpsideDown UIInterfaceOrientationLandscapeLeft UIInterfaceOrientationLandscapeRight";
				INFOPLIST_KEY_UISupportedInterfaceOrientations_iPhone = "UIInterfaceOrientationPortrait UIInterfaceOrientationLandscapeLeft UIInterfaceOrientationLandscapeRight";
				LD_RUNPATH_SEARCH_PATHS = (
					"$(inherited)",
					"@executable_path/Frameworks",
				);
				MARKETING_VERSION = 1.0;
				PRODUCT_BUNDLE_IDENTIFIER = "burak-akcan.GithubFollowers";
				PRODUCT_NAME = "$(TARGET_NAME)";
				SWIFT_EMIT_LOC_STRINGS = YES;
				SWIFT_VERSION = 5.0;
				TARGETED_DEVICE_FAMILY = 1;
			};
			name = Debug;
		};
		545021AA28AE8383005848B4 /* Release */ = {
			isa = XCBuildConfiguration;
			buildSettings = {
				ASSETCATALOG_COMPILER_APPICON_NAME = AppIcon;
				ASSETCATALOG_COMPILER_GLOBAL_ACCENT_COLOR_NAME = AccentColor;
				CODE_SIGN_STYLE = Automatic;
				CURRENT_PROJECT_VERSION = 1;
				DEVELOPMENT_TEAM = WJT22M2F7F;
				GENERATE_INFOPLIST_FILE = YES;
				INFOPLIST_FILE = GithubFollowers/Info.plist;
				INFOPLIST_KEY_UIApplicationSupportsIndirectInputEvents = YES;
				INFOPLIST_KEY_UILaunchStoryboardName = LaunchScreen;
				INFOPLIST_KEY_UISupportedInterfaceOrientations = UIInterfaceOrientationPortrait;
				INFOPLIST_KEY_UISupportedInterfaceOrientations_iPad = "UIInterfaceOrientationPortrait UIInterfaceOrientationPortraitUpsideDown UIInterfaceOrientationLandscapeLeft UIInterfaceOrientationLandscapeRight";
				INFOPLIST_KEY_UISupportedInterfaceOrientations_iPhone = "UIInterfaceOrientationPortrait UIInterfaceOrientationLandscapeLeft UIInterfaceOrientationLandscapeRight";
				LD_RUNPATH_SEARCH_PATHS = (
					"$(inherited)",
					"@executable_path/Frameworks",
				);
				MARKETING_VERSION = 1.0;
				PRODUCT_BUNDLE_IDENTIFIER = "burak-akcan.GithubFollowers";
				PRODUCT_NAME = "$(TARGET_NAME)";
				SWIFT_EMIT_LOC_STRINGS = YES;
				SWIFT_VERSION = 5.0;
				TARGETED_DEVICE_FAMILY = 1;
			};
			name = Release;
		};
/* End XCBuildConfiguration section */

/* Begin XCConfigurationList section */
		5450218F28AE8382005848B4 /* Build configuration list for PBXProject "GithubFollowers" */ = {
			isa = XCConfigurationList;
			buildConfigurations = (
				545021A628AE8383005848B4 /* Debug */,
				545021A728AE8383005848B4 /* Release */,
			);
			defaultConfigurationIsVisible = 0;
			defaultConfigurationName = Release;
		};
		545021A828AE8383005848B4 /* Build configuration list for PBXNativeTarget "GithubFollowers" */ = {
			isa = XCConfigurationList;
			buildConfigurations = (
				545021A928AE8383005848B4 /* Debug */,
				545021AA28AE8383005848B4 /* Release */,
			);
			defaultConfigurationIsVisible = 0;
			defaultConfigurationName = Release;
		};
/* End XCConfigurationList section */
	};
	rootObject = 5450218C28AE8382005848B4 /* Project object */;
}
